Microsoft Visual Studio Solution File, Format Version 11.00
# Visual Studio 2010
Project("{E097FAD1-6243-4DAD-9C02-E9B9EFC3FFC1}") = "Assembly-CSharp", "Assembly-CSharp.csproj", "{7FBD8EF7-B46C-57CD-C839-4C38E8D74420}"
EndProject
Project("{E097FAD1-6243-4DAD-9C02-E9B9EFC3FFC1}") = "Assembly-CSharp-Editor-firstpass", "Assembly-CSharp-Editor-firstpass.csproj", "{91E7BDA8-85D1-0F60-CABB-5E0710831C5C}"
EndProject
Project("{E097FAD1-6243-4DAD-9C02-E9B9EFC3FFC1}") = "Assembly-CSharp-Editor", "Assembly-CSharp-Editor.csproj", "{6DE805EF-9D32-BDE3-5D48-28FE98817B19}"
EndProject
Global
	GlobalSection(SolutionConfigurationPlatforms) = preSolution
		Debug|Any CPU = Debug|Any CPU
		Release|Any CPU = Release|Any CPU
	EndGlobalSection
	GlobalSection(ProjectConfigurationPlatforms) = postSolution
		{7FBD8EF7-B46C-57CD-C839-4C38E8D74420}.Debug|Any CPU.ActiveCfg = Debug|Any CPU
		{7FBD8EF7-B46C-57CD-C839-4C38E8D74420}.Debug|Any CPU.Build.0 = Debug|Any CPU
		{7FBD8EF7-B46C-57CD-C839-4C38E8D74420}.Release|Any CPU.ActiveCfg = Release|Any CPU
		{7FBD8EF7-B46C-57CD-C839-4C38E8D74420}.Release|Any CPU.Build.0 = Release|Any CPU
		{91E7BDA8-85D1-0F60-CABB-5E0710831C5C}.Debug|Any CPU.ActiveCfg = Debug|Any CPU
		{91E7BDA8-85D1-0F60-CABB-5E0710831C5C}.Debug|Any CPU.Build.0 = Debug|Any CPU
		{91E7BDA8-85D1-0F60-CABB-5E0710831C5C}.Release|Any CPU.ActiveCfg = Release|Any CPU
		{91E7BDA8-85D1-0F60-CABB-5E0710831C5C}.Release|Any CPU.Build.0 = Release|Any CPU
		{6DE805EF-9D32-BDE3-5D48-28FE98817B19}.Debug|Any CPU.ActiveCfg = Debug|Any CPU
		{6DE805EF-9D32-BDE3-5D48-28FE98817B19}.Debug|Any CPU.Build.0 = Debug|Any CPU
		{6DE805EF-9D32-BDE3-5D48-28FE98817B19}.Release|Any CPU.ActiveCfg = Release|Any CPU
		{6DE805EF-9D32-BDE3-5D48-28FE98817B19}.Release|Any CPU.Build.0 = Release|Any CPU
	EndGlobalSection
	GlobalSection(SolutionProperties) = preSolution
		HideSolutionNode = FALSE
	EndGlobalSection
	GlobalSection(MonoDevelopProperties) = preSolution
		StartupItem = Assembly-CSharp.csproj
	EndGlobalSection
EndGlobal
